
Microsoft Visual Studio Solution File, Format Version 12.00
# Visual Studio Version 17
VisualStudioVersion = 17.0.31903.59
MinimumVisualStudioVersion = 10.0.40219.1
Project("{2150E333-8FDC-42A3-9474-1A3956D46DE8}") = "Accounts", "Accounts", "{32836310-FB5E-5A92-56B4-44D826EF11F5}"
EndProject
Project("{FAE04EC0-301F-11D3-BF4B-00C04F79EFBC}") = "Accounts", "..\Accounts\Accounts\Accounts.csproj", "{2166AFF5-769C-4BF1-9EBF-7662061724DD}"
EndProject
Project("{FAE04EC0-301F-11D3-BF4B-00C04F79EFBC}") = "AssemblyLoading", "..\Accounts\AssemblyLoading\AssemblyLoading.csproj", "{38E81EC0-64FF-4744-BEC3-2FE56B1DBE67}"
EndProject
Project("{FAE04EC0-301F-11D3-BF4B-00C04F79EFBC}") = "Authentication", "..\Accounts\Authentication\Authentication.csproj", "{2A70D2F2-F417-4E07-8A14-83FCFC1AFD26}"
EndProject
Project("{FAE04EC0-301F-11D3-BF4B-00C04F79EFBC}") = "Authentication.ResourceManager", "..\Accounts\Authentication.ResourceManager\Authentication.ResourceManager.csproj", "{4E9B158A-8070-4488-92C0-895DA6FB13B0}"
EndProject
Project("{FAE04EC0-301F-11D3-BF4B-00C04F79EFBC}") = "AuthenticationAssemblyLoadContext", "..\Accounts\AuthenticationAssemblyLoadContext\AuthenticationAssemblyLoadContext.csproj", "{E51D2CB2-43A3-4609-898C-3809A8929B01}"
EndProject
Project("{FAE04EC0-301F-11D3-BF4B-00C04F79EFBC}") = "Authenticators", "..\Accounts\Authenticators\Authenticators.csproj", "{3699CBB3-56A5-4D8E-8311-7C32C51BC4EC}"
EndProject
Project("{FAE04EC0-301F-11D3-BF4B-00C04F79EFBC}") = "FileShare", "FileShare\FileShare.csproj", "{2C36E4C5-08B0-4FBB-9550-9BFA68277D8D}"
EndProject
Project("{2150E333-8FDC-42A3-9474-1A3956D46DE8}") = "FileShare.Autorest", "FileShare.Autorest", "{A1D8FE15-957D-2266-CB1B-9A05702618E7}"
EndProject
Project("{FAE04EC0-301F-11D3-BF4B-00C04F79EFBC}") = "Az.FileShare", "..\..\generated\FileShare\FileShare.Autorest\Az.FileShare.csproj", "{BE62D4AE-2CB7-427A-A0D6-1B6F1EDFFC33}"
EndProject
Global
	GlobalSection(SolutionConfigurationPlatforms) = preSolution
		Debug|Any CPU = Debug|Any CPU
		Debug|x64 = Debug|x64
		Debug|x86 = Debug|x86
		Release|Any CPU = Release|Any CPU
		Release|x64 = Release|x64
		Release|x86 = Release|x86
	EndGlobalSection
	GlobalSection(ProjectConfigurationPlatforms) = postSolution
		{2166AFF5-769C-4BF1-9EBF-7662061724DD}.Debug|Any CPU.ActiveCfg = Debug|Any CPU
		{2166AFF5-769C-4BF1-9EBF-7662061724DD}.Debug|Any CPU.Build.0 = Debug|Any CPU
		{2166AFF5-769C-4BF1-9EBF-7662061724DD}.Debug|x64.ActiveCfg = Debug|Any CPU
		{2166AFF5-769C-4BF1-9EBF-7662061724DD}.Debug|x64.Build.0 = Debug|Any CPU
		{2166AFF5-769C-4BF1-9EBF-7662061724DD}.Debug|x86.ActiveCfg = Debug|Any CPU
		{2166AFF5-769C-4BF1-9EBF-7662061724DD}.Debug|x86.Build.0 = Debug|Any CPU
		{2166AFF5-769C-4BF1-9EBF-7662061724DD}.Release|Any CPU.ActiveCfg = Release|Any CPU
		{2166AFF5-769C-4BF1-9EBF-7662061724DD}.Release|Any CPU.Build.0 = Release|Any CPU
		{2166AFF5-769C-4BF1-9EBF-7662061724DD}.Release|x64.ActiveCfg = Release|Any CPU
		{2166AFF5-769C-4BF1-9EBF-7662061724DD}.Release|x64.Build.0 = Release|Any CPU
		{2166AFF5-769C-4BF1-9EBF-7662061724DD}.Release|x86.ActiveCfg = Release|Any CPU
		{2166AFF5-769C-4BF1-9EBF-7662061724DD}.Release|x86.Build.0 = Release|Any CPU
		{38E81EC0-64FF-4744-BEC3-2FE56B1DBE67}.Debug|Any CPU.ActiveCfg = Debug|Any CPU
		{38E81EC0-64FF-4744-BEC3-2FE56B1DBE67}.Debug|Any CPU.Build.0 = Debug|Any CPU
		{38E81EC0-64FF-4744-BEC3-2FE56B1DBE67}.Debug|x64.ActiveCfg = Debug|Any CPU
		{38E81EC0-64FF-4744-BEC3-2FE56B1DBE67}.Debug|x64.Build.0 = Debug|Any CPU
		{38E81EC0-64FF-4744-BEC3-2FE56B1DBE67}.Debug|x86.ActiveCfg = Debug|Any CPU
		{38E81EC0-64FF-4744-BEC3-2FE56B1DBE67}.Debug|x86.Build.0 = Debug|Any CPU
		{38E81EC0-64FF-4744-BEC3-2FE56B1DBE67}.Release|Any CPU.ActiveCfg = Release|Any CPU
		{38E81EC0-64FF-4744-BEC3-2FE56B1DBE67}.Release|Any CPU.Build.0 = Release|Any CPU
		{38E81EC0-64FF-4744-BEC3-2FE56B1DBE67}.Release|x64.ActiveCfg = Release|Any CPU
		{38E81EC0-64FF-4744-BEC3-2FE56B1DBE67}.Release|x64.Build.0 = Release|Any CPU
		{38E81EC0-64FF-4744-BEC3-2FE56B1DBE67}.Release|x86.ActiveCfg = Release|Any CPU
		{38E81EC0-64FF-4744-BEC3-2FE56B1DBE67}.Release|x86.Build.0 = Release|Any CPU
		{2A70D2F2-F417-4E07-8A14-83FCFC1AFD26}.Debug|Any CPU.ActiveCfg = Debug|Any CPU
		{2A70D2F2-F417-4E07-8A14-83FCFC1AFD26}.Debug|Any CPU.Build.0 = Debug|Any CPU
		{2A70D2F2-F417-4E07-8A14-83FCFC1AFD26}.Debug|x64.ActiveCfg = Debug|Any CPU
		{2A70D2F2-F417-4E07-8A14-83FCFC1AFD26}.Debug|x64.Build.0 = Debug|Any CPU
		{2A70D2F2-F417-4E07-8A14-83FCFC1AFD26}.Debug|x86.ActiveCfg = Debug|Any CPU
		{2A70D2F2-F417-4E07-8A14-83FCFC1AFD26}.Debug|x86.Build.0 = Debug|Any CPU
		{2A70D2F2-F417-4E07-8A14-83FCFC1AFD26}.Release|Any CPU.ActiveCfg = Release|Any CPU
		{2A70D2F2-F417-4E07-8A14-83FCFC1AFD26}.Release|Any CPU.Build.0 = Release|Any CPU
		{2A70D2F2-F417-4E07-8A14-83FCFC1AFD26}.Release|x64.ActiveCfg = Release|Any CPU
		{2A70D2F2-F417-4E07-8A14-83FCFC1AFD26}.Release|x64.Build.0 = Release|Any CPU
		{2A70D2F2-F417-4E07-8A14-83FCFC1AFD26}.Release|x86.ActiveCfg = Release|Any CPU
		{2A70D2F2-F417-4E07-8A14-83FCFC1AFD26}.Release|x86.Build.0 = Release|Any CPU
		{4E9B158A-8070-4488-92C0-895DA6FB13B0}.Debug|Any CPU.ActiveCfg = Debug|Any CPU
		{4E9B158A-8070-4488-92C0-895DA6FB13B0}.Debug|Any CPU.Build.0 = Debug|Any CPU
		{4E9B158A-8070-4488-92C0-895DA6FB13B0}.Debug|x64.ActiveCfg = Debug|Any CPU
		{4E9B158A-8070-4488-92C0-895DA6FB13B0}.Debug|x64.Build.0 = Debug|Any CPU
		{4E9B158A-8070-4488-92C0-895DA6FB13B0}.Debug|x86.ActiveCfg = Debug|Any CPU
		{4E9B158A-8070-4488-92C0-895DA6FB13B0}.Debug|x86.Build.0 = Debug|Any CPU
		{4E9B158A-8070-4488-92C0-895DA6FB13B0}.Release|Any CPU.ActiveCfg = Release|Any CPU
		{4E9B158A-8070-4488-92C0-895DA6FB13B0}.Release|Any CPU.Build.0 = Release|Any CPU
		{4E9B158A-8070-4488-92C0-895DA6FB13B0}.Release|x64.ActiveCfg = Release|Any CPU
		{4E9B158A-8070-4488-92C0-895DA6FB13B0}.Release|x64.Build.0 = Release|Any CPU
		{4E9B158A-8070-4488-92C0-895DA6FB13B0}.Release|x86.ActiveCfg = Release|Any CPU
		{4E9B158A-8070-4488-92C0-895DA6FB13B0}.Release|x86.Build.0 = Release|Any CPU
		{E51D2CB2-43A3-4609-898C-3809A8929B01}.Debug|Any CPU.ActiveCfg = Debug|Any CPU
		{E51D2CB2-43A3-4609-898C-3809A8929B01}.Debug|Any CPU.Build.0 = Debug|Any CPU
		{E51D2CB2-43A3-4609-898C-3809A8929B01}.Debug|x64.ActiveCfg = Debug|Any CPU
		{E51D2CB2-43A3-4609-898C-3809A8929B01}.Debug|x64.Build.0 = Debug|Any CPU
		{E51D2CB2-43A3-4609-898C-3809A8929B01}.Debug|x86.ActiveCfg = Debug|Any CPU
		{E51D2CB2-43A3-4609-898C-3809A8929B01}.Debug|x86.Build.0 = Debug|Any CPU
		{E51D2CB2-43A3-4609-898C-3809A8929B01}.Release|Any CPU.ActiveCfg = Release|Any CPU
		{E51D2CB2-43A3-4609-898C-3809A8929B01}.Release|Any CPU.Build.0 = Release|Any CPU
		{E51D2CB2-43A3-4609-898C-3809A8929B01}.Release|x64.ActiveCfg = Release|Any CPU
		{E51D2CB2-43A3-4609-898C-3809A8929B01}.Release|x64.Build.0 = Release|Any CPU
		{E51D2CB2-43A3-4609-898C-3809A8929B01}.Release|x86.ActiveCfg = Release|Any CPU
		{E51D2CB2-43A3-4609-898C-3809A8929B01}.Release|x86.Build.0 = Release|Any CPU
		{3699CBB3-56A5-4D8E-8311-7C32C51BC4EC}.Debug|Any CPU.ActiveCfg = Debug|Any CPU
		{3699CBB3-56A5-4D8E-8311-7C32C51BC4EC}.Debug|Any CPU.Build.0 = Debug|Any CPU
		{3699CBB3-56A5-4D8E-8311-7C32C51BC4EC}.Debug|x64.ActiveCfg = Debug|Any CPU
		{3699CBB3-56A5-4D8E-8311-7C32C51BC4EC}.Debug|x64.Build.0 = Debug|Any CPU
		{3699CBB3-56A5-4D8E-8311-7C32C51BC4EC}.Debug|x86.ActiveCfg = Debug|Any CPU
		{3699CBB3-56A5-4D8E-8311-7C32C51BC4EC}.Debug|x86.Build.0 = Debug|Any CPU
		{3699CBB3-56A5-4D8E-8311-7C32C51BC4EC}.Release|Any CPU.ActiveCfg = Release|Any CPU
		{3699CBB3-56A5-4D8E-8311-7C32C51BC4EC}.Release|Any CPU.Build.0 = Release|Any CPU
		{3699CBB3-56A5-4D8E-8311-7C32C51BC4EC}.Release|x64.ActiveCfg = Release|Any CPU
		{3699CBB3-56A5-4D8E-8311-7C32C51BC4EC}.Release|x64.Build.0 = Release|Any CPU
		{3699CBB3-56A5-4D8E-8311-7C32C51BC4EC}.Release|x86.ActiveCfg = Release|Any CPU
		{3699CBB3-56A5-4D8E-8311-7C32C51BC4EC}.Release|x86.Build.0 = Release|Any CPU
		{2C36E4C5-08B0-4FBB-9550-9BFA68277D8D}.Debug|Any CPU.ActiveCfg = Debug|Any CPU
		{2C36E4C5-08B0-4FBB-9550-9BFA68277D8D}.Debug|Any CPU.Build.0 = Debug|Any CPU
		{2C36E4C5-08B0-4FBB-9550-9BFA68277D8D}.Debug|x64.ActiveCfg = Debug|Any CPU
		{2C36E4C5-08B0-4FBB-9550-9BFA68277D8D}.Debug|x64.Build.0 = Debug|Any CPU
		{2C36E4C5-08B0-4FBB-9550-9BFA68277D8D}.Debug|x86.ActiveCfg = Debug|Any CPU
		{2C36E4C5-08B0-4FBB-9550-9BFA68277D8D}.Debug|x86.Build.0 = Debug|Any CPU
		{2C36E4C5-08B0-4FBB-9550-9BFA68277D8D}.Release|Any CPU.ActiveCfg = Release|Any CPU
		{2C36E4C5-08B0-4FBB-9550-9BFA68277D8D}.Release|Any CPU.Build.0 = Release|Any CPU
		{2C36E4C5-08B0-4FBB-9550-9BFA68277D8D}.Release|x64.ActiveCfg = Release|Any CPU
		{2C36E4C5-08B0-4FBB-9550-9BFA68277D8D}.Release|x64.Build.0 = Release|Any CPU
		{2C36E4C5-08B0-4FBB-9550-9BFA68277D8D}.Release|x86.ActiveCfg = Release|Any CPU
		{2C36E4C5-08B0-4FBB-9550-9BFA68277D8D}.Release|x86.Build.0 = Release|Any CPU
		{BE62D4AE-2CB7-427A-A0D6-1B6F1EDFFC33}.Debug|Any CPU.ActiveCfg = Debug|Any CPU
		{BE62D4AE-2CB7-427A-A0D6-1B6F1EDFFC33}.Debug|Any CPU.Build.0 = Debug|Any CPU
		{BE62D4AE-2CB7-427A-A0D6-1B6F1EDFFC33}.Debug|x64.ActiveCfg = Debug|Any CPU
		{BE62D4AE-2CB7-427A-A0D6-1B6F1EDFFC33}.Debug|x64.Build.0 = Debug|Any CPU
		{BE62D4AE-2CB7-427A-A0D6-1B6F1EDFFC33}.Debug|x86.ActiveCfg = Debug|Any CPU
		{BE62D4AE-2CB7-427A-A0D6-1B6F1EDFFC33}.Debug|x86.Build.0 = Debug|Any CPU
		{BE62D4AE-2CB7-427A-A0D6-1B6F1EDFFC33}.Release|Any CPU.ActiveCfg = Release|Any CPU
		{BE62D4AE-2CB7-427A-A0D6-1B6F1EDFFC33}.Release|Any CPU.Build.0 = Release|Any CPU
		{BE62D4AE-2CB7-427A-A0D6-1B6F1EDFFC33}.Release|x64.ActiveCfg = Release|Any CPU
		{BE62D4AE-2CB7-427A-A0D6-1B6F1EDFFC33}.Release|x64.Build.0 = Release|Any CPU
		{BE62D4AE-2CB7-427A-A0D6-1B6F1EDFFC33}.Release|x86.ActiveCfg = Release|Any CPU
		{BE62D4AE-2CB7-427A-A0D6-1B6F1EDFFC33}.Release|x86.Build.0 = Release|Any CPU
	EndGlobalSection
	GlobalSection(SolutionProperties) = preSolution
		HideSolutionNode = FALSE
	EndGlobalSection
	GlobalSection(NestedProjects) = preSolution
		{2166AFF5-769C-4BF1-9EBF-7662061724DD} = {32836310-FB5E-5A92-56B4-44D826EF11F5}
		{38E81EC0-64FF-4744-BEC3-2FE56B1DBE67} = {32836310-FB5E-5A92-56B4-44D826EF11F5}
		{2A70D2F2-F417-4E07-8A14-83FCFC1AFD26} = {32836310-FB5E-5A92-56B4-44D826EF11F5}
		{4E9B158A-8070-4488-92C0-895DA6FB13B0} = {32836310-FB5E-5A92-56B4-44D826EF11F5}
		{E51D2CB2-43A3-4609-898C-3809A8929B01} = {32836310-FB5E-5A92-56B4-44D826EF11F5}
		{3699CBB3-56A5-4D8E-8311-7C32C51BC4EC} = {32836310-FB5E-5A92-56B4-44D826EF11F5}
		{BE62D4AE-2CB7-427A-A0D6-1B6F1EDFFC33} = {A1D8FE15-957D-2266-CB1B-9A05702618E7}
	EndGlobalSection
EndGlobal
