
Microsoft Visual Studio Solution File, Format Version 12.00
# Visual Studio Version 17
VisualStudioVersion = 17.0.31903.59
MinimumVisualStudioVersion = 10.0.40219.1
Project("{2150E333-8FDC-42A3-9474-1A3956D46DE8}") = "Accounts", "Accounts", "{32836310-FB5E-5A92-56B4-44D826EF11F5}"
EndProject
Project("{FAE04EC0-301F-11D3-BF4B-00C04F79EFBC}") = "Accounts", "..\Accounts\Accounts\Accounts.csproj", "{AD282897-90FF-41B1-B85D-F0B4EC9F9215}"
EndProject
Project("{FAE04EC0-301F-11D3-BF4B-00C04F79EFBC}") = "AssemblyLoading", "..\Accounts\AssemblyLoading\AssemblyLoading.csproj", "{2BD0DE49-5B59-499E-8BAC-7F218D27C0E2}"
EndProject
Project("{FAE04EC0-301F-11D3-BF4B-00C04F79EFBC}") = "Authentication", "..\Accounts\Authentication\Authentication.csproj", "{3F348C47-214A-4581-BA05-517D765CA760}"
EndProject
Project("{FAE04EC0-301F-11D3-BF4B-00C04F79EFBC}") = "Authentication.ResourceManager", "..\Accounts\Authentication.ResourceManager\Authentication.ResourceManager.csproj", "{2E7520A5-EDBE-49A6-AF26-2F3BA346587F}"
EndProject
Project("{FAE04EC0-301F-11D3-BF4B-00C04F79EFBC}") = "AuthenticationAssemblyLoadContext", "..\Accounts\AuthenticationAssemblyLoadContext\AuthenticationAssemblyLoadContext.csproj", "{C914EB69-57FA-46BA-94F4-9B10D48E5FBD}"
EndProject
Project("{FAE04EC0-301F-11D3-BF4B-00C04F79EFBC}") = "Authenticators", "..\Accounts\Authenticators\Authenticators.csproj", "{00FDF52E-E612-42E3-AAC2-CBDA895DEE90}"
EndProject
Project("{2150E333-8FDC-42A3-9474-1A3956D46DE8}") = "FileShare.Autorest", "FileShare.Autorest", "{A1D8FE15-957D-2266-CB1B-9A05702618E7}"
EndProject
Project("{FAE04EC0-301F-11D3-BF4B-00C04F79EFBC}") = "Az.FileShare", "..\..\generated\FileShare\FileShare.Autorest\Az.FileShare.csproj", "{589A09CF-C707-4DC6-8624-532393AD6FCF}"
EndProject
Global
	GlobalSection(SolutionConfigurationPlatforms) = preSolution
		Debug|Any CPU = Debug|Any CPU
		Debug|x64 = Debug|x64
		Debug|x86 = Debug|x86
		Release|Any CPU = Release|Any CPU
		Release|x64 = Release|x64
		Release|x86 = Release|x86
	EndGlobalSection
	GlobalSection(ProjectConfigurationPlatforms) = postSolution
		{AD282897-90FF-41B1-B85D-F0B4EC9F9215}.Debug|Any CPU.ActiveCfg = Debug|Any CPU
		{AD282897-90FF-41B1-B85D-F0B4EC9F9215}.Debug|Any CPU.Build.0 = Debug|Any CPU
		{AD282897-90FF-41B1-B85D-F0B4EC9F9215}.Debug|x64.ActiveCfg = Debug|Any CPU
		{AD282897-90FF-41B1-B85D-F0B4EC9F9215}.Debug|x64.Build.0 = Debug|Any CPU
		{AD282897-90FF-41B1-B85D-F0B4EC9F9215}.Debug|x86.ActiveCfg = Debug|Any CPU
		{AD282897-90FF-41B1-B85D-F0B4EC9F9215}.Debug|x86.Build.0 = Debug|Any CPU
		{AD282897-90FF-41B1-B85D-F0B4EC9F9215}.Release|Any CPU.ActiveCfg = Release|Any CPU
		{AD282897-90FF-41B1-B85D-F0B4EC9F9215}.Release|Any CPU.Build.0 = Release|Any CPU
		{AD282897-90FF-41B1-B85D-F0B4EC9F9215}.Release|x64.ActiveCfg = Release|Any CPU
		{AD282897-90FF-41B1-B85D-F0B4EC9F9215}.Release|x64.Build.0 = Release|Any CPU
		{AD282897-90FF-41B1-B85D-F0B4EC9F9215}.Release|x86.ActiveCfg = Release|Any CPU
		{AD282897-90FF-41B1-B85D-F0B4EC9F9215}.Release|x86.Build.0 = Release|Any CPU
		{2BD0DE49-5B59-499E-8BAC-7F218D27C0E2}.Debug|Any CPU.ActiveCfg = Debug|Any CPU
		{2BD0DE49-5B59-499E-8BAC-7F218D27C0E2}.Debug|Any CPU.Build.0 = Debug|Any CPU
		{2BD0DE49-5B59-499E-8BAC-7F218D27C0E2}.Debug|x64.ActiveCfg = Debug|Any CPU
		{2BD0DE49-5B59-499E-8BAC-7F218D27C0E2}.Debug|x64.Build.0 = Debug|Any CPU
		{2BD0DE49-5B59-499E-8BAC-7F218D27C0E2}.Debug|x86.ActiveCfg = Debug|Any CPU
		{2BD0DE49-5B59-499E-8BAC-7F218D27C0E2}.Debug|x86.Build.0 = Debug|Any CPU
		{2BD0DE49-5B59-499E-8BAC-7F218D27C0E2}.Release|Any CPU.ActiveCfg = Release|Any CPU
		{2BD0DE49-5B59-499E-8BAC-7F218D27C0E2}.Release|Any CPU.Build.0 = Release|Any CPU
		{2BD0DE49-5B59-499E-8BAC-7F218D27C0E2}.Release|x64.ActiveCfg = Release|Any CPU
		{2BD0DE49-5B59-499E-8BAC-7F218D27C0E2}.Release|x64.Build.0 = Release|Any CPU
		{2BD0DE49-5B59-499E-8BAC-7F218D27C0E2}.Release|x86.ActiveCfg = Release|Any CPU
		{2BD0DE49-5B59-499E-8BAC-7F218D27C0E2}.Release|x86.Build.0 = Release|Any CPU
		{3F348C47-214A-4581-BA05-517D765CA760}.Debug|Any CPU.ActiveCfg = Debug|Any CPU
		{3F348C47-214A-4581-BA05-517D765CA760}.Debug|Any CPU.Build.0 = Debug|Any CPU
		{3F348C47-214A-4581-BA05-517D765CA760}.Debug|x64.ActiveCfg = Debug|Any CPU
		{3F348C47-214A-4581-BA05-517D765CA760}.Debug|x64.Build.0 = Debug|Any CPU
		{3F348C47-214A-4581-BA05-517D765CA760}.Debug|x86.ActiveCfg = Debug|Any CPU
		{3F348C47-214A-4581-BA05-517D765CA760}.Debug|x86.Build.0 = Debug|Any CPU
		{3F348C47-214A-4581-BA05-517D765CA760}.Release|Any CPU.ActiveCfg = Release|Any CPU
		{3F348C47-214A-4581-BA05-517D765CA760}.Release|Any CPU.Build.0 = Release|Any CPU
		{3F348C47-214A-4581-BA05-517D765CA760}.Release|x64.ActiveCfg = Release|Any CPU
		{3F348C47-214A-4581-BA05-517D765CA760}.Release|x64.Build.0 = Release|Any CPU
		{3F348C47-214A-4581-BA05-517D765CA760}.Release|x86.ActiveCfg = Release|Any CPU
		{3F348C47-214A-4581-BA05-517D765CA760}.Release|x86.Build.0 = Release|Any CPU
		{2E7520A5-EDBE-49A6-AF26-2F3BA346587F}.Debug|Any CPU.ActiveCfg = Debug|Any CPU
		{2E7520A5-EDBE-49A6-AF26-2F3BA346587F}.Debug|Any CPU.Build.0 = Debug|Any CPU
		{2E7520A5-EDBE-49A6-AF26-2F3BA346587F}.Debug|x64.ActiveCfg = Debug|Any CPU
		{2E7520A5-EDBE-49A6-AF26-2F3BA346587F}.Debug|x64.Build.0 = Debug|Any CPU
		{2E7520A5-EDBE-49A6-AF26-2F3BA346587F}.Debug|x86.ActiveCfg = Debug|Any CPU
		{2E7520A5-EDBE-49A6-AF26-2F3BA346587F}.Debug|x86.Build.0 = Debug|Any CPU
		{2E7520A5-EDBE-49A6-AF26-2F3BA346587F}.Release|Any CPU.ActiveCfg = Release|Any CPU
		{2E7520A5-EDBE-49A6-AF26-2F3BA346587F}.Release|Any CPU.Build.0 = Release|Any CPU
		{2E7520A5-EDBE-49A6-AF26-2F3BA346587F}.Release|x64.ActiveCfg = Release|Any CPU
		{2E7520A5-EDBE-49A6-AF26-2F3BA346587F}.Release|x64.Build.0 = Release|Any CPU
		{2E7520A5-EDBE-49A6-AF26-2F3BA346587F}.Release|x86.ActiveCfg = Release|Any CPU
		{2E7520A5-EDBE-49A6-AF26-2F3BA346587F}.Release|x86.Build.0 = Release|Any CPU
		{C914EB69-57FA-46BA-94F4-9B10D48E5FBD}.Debug|Any CPU.ActiveCfg = Debug|Any CPU
		{C914EB69-57FA-46BA-94F4-9B10D48E5FBD}.Debug|Any CPU.Build.0 = Debug|Any CPU
		{C914EB69-57FA-46BA-94F4-9B10D48E5FBD}.Debug|x64.ActiveCfg = Debug|Any CPU
		{C914EB69-57FA-46BA-94F4-9B10D48E5FBD}.Debug|x64.Build.0 = Debug|Any CPU
		{C914EB69-57FA-46BA-94F4-9B10D48E5FBD}.Debug|x86.ActiveCfg = Debug|Any CPU
		{C914EB69-57FA-46BA-94F4-9B10D48E5FBD}.Debug|x86.Build.0 = Debug|Any CPU
		{C914EB69-57FA-46BA-94F4-9B10D48E5FBD}.Release|Any CPU.ActiveCfg = Release|Any CPU
		{C914EB69-57FA-46BA-94F4-9B10D48E5FBD}.Release|Any CPU.Build.0 = Release|Any CPU
		{C914EB69-57FA-46BA-94F4-9B10D48E5FBD}.Release|x64.ActiveCfg = Release|Any CPU
		{C914EB69-57FA-46BA-94F4-9B10D48E5FBD}.Release|x64.Build.0 = Release|Any CPU
		{C914EB69-57FA-46BA-94F4-9B10D48E5FBD}.Release|x86.ActiveCfg = Release|Any CPU
		{C914EB69-57FA-46BA-94F4-9B10D48E5FBD}.Release|x86.Build.0 = Release|Any CPU
		{00FDF52E-E612-42E3-AAC2-CBDA895DEE90}.Debug|Any CPU.ActiveCfg = Debug|Any CPU
		{00FDF52E-E612-42E3-AAC2-CBDA895DEE90}.Debug|Any CPU.Build.0 = Debug|Any CPU
		{00FDF52E-E612-42E3-AAC2-CBDA895DEE90}.Debug|x64.ActiveCfg = Debug|Any CPU
		{00FDF52E-E612-42E3-AAC2-CBDA895DEE90}.Debug|x64.Build.0 = Debug|Any CPU
		{00FDF52E-E612-42E3-AAC2-CBDA895DEE90}.Debug|x86.ActiveCfg = Debug|Any CPU
		{00FDF52E-E612-42E3-AAC2-CBDA895DEE90}.Debug|x86.Build.0 = Debug|Any CPU
		{00FDF52E-E612-42E3-AAC2-CBDA895DEE90}.Release|Any CPU.ActiveCfg = Release|Any CPU
		{00FDF52E-E612-42E3-AAC2-CBDA895DEE90}.Release|Any CPU.Build.0 = Release|Any CPU
		{00FDF52E-E612-42E3-AAC2-CBDA895DEE90}.Release|x64.ActiveCfg = Release|Any CPU
		{00FDF52E-E612-42E3-AAC2-CBDA895DEE90}.Release|x64.Build.0 = Release|Any CPU
		{00FDF52E-E612-42E3-AAC2-CBDA895DEE90}.Release|x86.ActiveCfg = Release|Any CPU
		{00FDF52E-E612-42E3-AAC2-CBDA895DEE90}.Release|x86.Build.0 = Release|Any CPU
		{589A09CF-C707-4DC6-8624-532393AD6FCF}.Debug|Any CPU.ActiveCfg = Debug|Any CPU
		{589A09CF-C707-4DC6-8624-532393AD6FCF}.Debug|Any CPU.Build.0 = Debug|Any CPU
		{589A09CF-C707-4DC6-8624-532393AD6FCF}.Debug|x64.ActiveCfg = Debug|Any CPU
		{589A09CF-C707-4DC6-8624-532393AD6FCF}.Debug|x64.Build.0 = Debug|Any CPU
		{589A09CF-C707-4DC6-8624-532393AD6FCF}.Debug|x86.ActiveCfg = Debug|Any CPU
		{589A09CF-C707-4DC6-8624-532393AD6FCF}.Debug|x86.Build.0 = Debug|Any CPU
		{589A09CF-C707-4DC6-8624-532393AD6FCF}.Release|Any CPU.ActiveCfg = Release|Any CPU
		{589A09CF-C707-4DC6-8624-532393AD6FCF}.Release|Any CPU.Build.0 = Release|Any CPU
		{589A09CF-C707-4DC6-8624-532393AD6FCF}.Release|x64.ActiveCfg = Release|Any CPU
		{589A09CF-C707-4DC6-8624-532393AD6FCF}.Release|x64.Build.0 = Release|Any CPU
		{589A09CF-C707-4DC6-8624-532393AD6FCF}.Release|x86.ActiveCfg = Release|Any CPU
		{589A09CF-C707-4DC6-8624-532393AD6FCF}.Release|x86.Build.0 = Release|Any CPU
	EndGlobalSection
	GlobalSection(SolutionProperties) = preSolution
		HideSolutionNode = FALSE
	EndGlobalSection
	GlobalSection(NestedProjects) = preSolution
		{AD282897-90FF-41B1-B85D-F0B4EC9F9215} = {32836310-FB5E-5A92-56B4-44D826EF11F5}
		{2BD0DE49-5B59-499E-8BAC-7F218D27C0E2} = {32836310-FB5E-5A92-56B4-44D826EF11F5}
		{3F348C47-214A-4581-BA05-517D765CA760} = {32836310-FB5E-5A92-56B4-44D826EF11F5}
		{2E7520A5-EDBE-49A6-AF26-2F3BA346587F} = {32836310-FB5E-5A92-56B4-44D826EF11F5}
		{C914EB69-57FA-46BA-94F4-9B10D48E5FBD} = {32836310-FB5E-5A92-56B4-44D826EF11F5}
		{00FDF52E-E612-42E3-AAC2-CBDA895DEE90} = {32836310-FB5E-5A92-56B4-44D826EF11F5}
		{589A09CF-C707-4DC6-8624-532393AD6FCF} = {A1D8FE15-957D-2266-CB1B-9A05702618E7}
	EndGlobalSection
EndGlobal
